
Microsoft Visual Studio Solution File, Format Version 12.00
# Visual Studio 15
VisualStudioVersion = 15.0.28307.779
MinimumVisualStudioVersion = 10.0.40219.1
Project("{FAE04EC0-301F-11D3-BF4B-00C04F79EFBC}") = "WpfApp4", "WpfApp4\WpfApp4.csproj", "{DE979CEE-EB2E-40B0-8D22-50336C120F1E}"
EndProject
Project("{54435603-DBB4-11D2-8724-00A0C9A8B90C}") = "Hotel Tasarım v4", "Hotel Tasarım v4\Hotel Tasarım v4.vdproj", "{5D1D2820-9602-4869-AE1D-B1A14CC8B666}"
EndProject
Global
	GlobalSection(SolutionConfigurationPlatforms) = preSolution
		Debug|Any CPU = Debug|Any CPU
		Release|Any CPU = Release|Any CPU
	EndGlobalSection
	GlobalSection(ProjectConfigurationPlatforms) = postSolution
		{DE979CEE-EB2E-40B0-8D22-50336C120F1E}.Debug|Any CPU.ActiveCfg = Release|Any CPU
		{DE979CEE-EB2E-40B0-8D22-50336C120F1E}.Debug|Any CPU.Build.0 = Release|Any CPU
		{DE979CEE-EB2E-40B0-8D22-50336C120F1E}.Release|Any CPU.ActiveCfg = Release|Any CPU
		{DE979CEE-EB2E-40B0-8D22-50336C120F1E}.Release|Any CPU.Build.0 = Release|Any CPU
		{5D1D2820-9602-4869-AE1D-B1A14CC8B666}.Debug|Any CPU.ActiveCfg = Release
		{5D1D2820-9602-4869-AE1D-B1A14CC8B666}.Release|Any CPU.ActiveCfg = Release
	EndGlobalSection
	GlobalSection(SolutionProperties) = preSolution
		HideSolutionNode = FALSE
	EndGlobalSection
	GlobalSection(ExtensibilityGlobals) = postSolution
		SolutionGuid = {B0110F73-3660-4E1C-AB46-596C7D4212CE}
	EndGlobalSection
EndGlobal
